
Microsoft Visual Studio Solution File, Format Version 12.00
# Visual Studio Version 17
VisualStudioVersion = 17.13.35931.197 d17.13
MinimumVisualStudioVersion = 10.0.40219.1
Project("{FAE04EC0-301F-11D3-BF4B-00C04F79EFBC}") = "0601_emplManagerAsync", "0601_emplManagerAsync\0601_emplManagerAsync.csproj", "{CDC705CF-679C-4B03-AB7F-115836E24FA1}"
EndProject
Global
	GlobalSection(SolutionConfigurationPlatforms) = preSolution
		Debug|Any CPU = Debug|Any CPU
		Release|Any CPU = Release|Any CPU
	EndGlobalSection
	GlobalSection(ProjectConfigurationPlatforms) = postSolution
		{CDC705CF-679C-4B03-AB7F-115836E24FA1}.Debug|Any CPU.ActiveCfg = Debug|Any CPU
		{CDC705CF-679C-4B03-AB7F-115836E24FA1}.Debug|Any CPU.Build.0 = Debug|Any CPU
		{CDC705CF-679C-4B03-AB7F-115836E24FA1}.Release|Any CPU.ActiveCfg = Release|Any CPU
		{CDC705CF-679C-4B03-AB7F-115836E24FA1}.Release|Any CPU.Build.0 = Release|Any CPU
	EndGlobalSection
	GlobalSection(SolutionProperties) = preSolution
		HideSolutionNode = FALSE
	EndGlobalSection
	GlobalSection(ExtensibilityGlobals) = postSolution
		SolutionGuid = {626F3FDF-7575-4532-975D-D4F42BC11349}
	EndGlobalSection
EndGlobal
